<?xml version="1.0" encoding="utf-8"?>
<Project ToolsVersion="4.0" xmlns="http://schemas.microsoft.com/developer/msbuild/2003">
  <ItemGroup>
    <Filter Include="Source Files">
      <UniqueIdentifier>{4FC737F1-C7A5-4376-A066-2A32D752A2FF}</UniqueIdentifier>
      <Extensions>cpp;c;cc;cxx;c++;cppm;ixx;def;odl;idl;hpj;bat;asm;asmx</Extensions>
    </Filter>
    <Filter Include="Header Files">
      <UniqueIdentifier>{93995380-89BD-4b04-88EB-625FBE52EBFB}</UniqueIdentifier>
      <Extensions>h;hh;hpp;hxx;h++;hm;inl;inc;ipp;xsd</Extensions>
    </Filter>
    <Filter Include="Resource Files">
      <UniqueIdentifier>{67DA6AB6-F800-4c08-8B7A-83BB121AAD01}</UniqueIdentifier>
      <Extensions>rc;ico;cur;bmp;dlg;rc2;rct;bin;rgs;gif;jpg;jpeg;jpe;resx;tiff;tif;png;wav;mfcribbon-ms</Extensions>
    </Filter>
  </ItemGroup>
  <ItemGroup>
    <ClInclude Include="include\core\random.h">
      <Filter>Header Files</Filter>
    </ClInclude>
    <ClInclude Include="include\core\tensor.h">
      <Filter>Header Files</Filter>
    </ClInclude>
    <ClInclude Include="include\data\dataset.h">
      <Filter>Header Files</Filter>
    </ClInclude>
    <ClInclude Include="include\data\tokenizer.h">
      <Filter>Header Files</Filter>
    </ClInclude>
    <ClInclude Include="include\layers\attention.h">
      <Filter>Header Files</Filter>
    </ClInclude>
    <ClInclude Include="include\layers\embedding.h">
      <Filter>Header Files</Filter>
    </ClInclude>
    <ClInclude Include="include\layers\ffn.h">
      <Filter>Header Files</Filter>
    </ClInclude>
    <ClInclude Include="include\layers\layer_norm.h">
      <Filter>Header Files</Filter>
    </ClInclude>
    <ClInclude Include="include\layers\linear.h">
      <Filter>Header Files</Filter>
    </ClInclude>
    <ClInclude Include="include\layers\transformer_block.h">
      <Filter>Header Files</Filter>
    </ClInclude>
    <ClInclude Include="include\model\transformer.h">
      <Filter>Header Files</Filter>
    </ClInclude>
    <ClInclude Include="include\core\math_utils.h">
      <Filter>Header Files</Filter>
    </ClInclude>
    <ClInclude Include="include\core\layer_utils.h">
      <Filter>Header Files</Filter>
    </ClInclude>
    <ClInclude Include="include\layers\config.h">
      <Filter>Header Files</Filter>
    </ClInclude>
    <ClInclude Include="include\training\optimizer.h">
      <Filter>Header Files</Filter>
    </ClInclude>
    <ClInclude Include="include\training\sgd_optimizer.h">
      <Filter>Header Files</Filter>
    </ClInclude>
    <ClInclude Include="include\training\adam_optimizer.h">
      <Filter>Header Files</Filter>
    </ClInclude>
    <ClInclude Include="include\training\loss.h">
      <Filter>Header Files</Filter>
    </ClInclude>
    <ClInclude Include="include\training\cross_entropy_loss.h">
      <Filter>Header Files</Filter>
    </ClInclude>
    <ClInclude Include="include\training\trainer.h">
      <Filter>Header Files</Filter>
    </ClInclude>
    <ClInclude Include="include\training\training_history.h">
      <Filter>Header Files</Filter>
    </ClInclude>
    <ClInclude Include="include\training\checkpoint.h">
      <Filter>Header Files</Filter>
    </ClInclude>
    <ClInclude Include="include\core\parameter.h">
      <Filter>Header Files</Filter>
    </ClInclude>
    <ClInclude Include="include\training\training_config.h">
      <Filter>Header Files</Filter>
    </ClInclude>
    <ClInclude Include="include\core\cuda_utils.h">
      <Filter>Header Files</Filter>
    </ClInclude>
    <ClInclude Include="include\kernels\optimizer_kernels.cuh" />
    <ClInclude Include="include\kernels\loss_kernels.cuh" />
    <ClInclude Include="include\kernels\kernel_config.cuh" />
    <ClInclude Include="include\kernels\activation_kernels.cuh" />
    <ClInclude Include="include\kernels\linear_kernels.cuh" />
    <ClInclude Include="include\kernels\tensor_ops_kernels.cuh" />
    <ClInclude Include="include\tests\smoke_test.h">
      <Filter>Header Files</Filter>
    </ClInclude>
    <ClInclude Include="include\kernels\embedding_kernels.cuh" />
    <ClInclude Include="include\kernels\layer_norm_kernels.cuh" />
    <ClInclude Include="include\kernels\attention_kernels.cuh" />
    <ClInclude Include="include\training\epoch_callback.h">
      <Filter>Header Files</Filter>
    </ClInclude>
    <ClInclude Include="include\training\checkpoint_callback.h">
      <Filter>Header Files</Filter>
    </ClInclude>
    <ClInclude Include="include\training\best_checkpoint_callback.h">
      <Filter>Header Files</Filter>
    </ClInclude>
    <ClInclude Include="include\training\early_stopping_callback.h">
      <Filter>Header Files</Filter>
    </ClInclude>
    <ClInclude Include="include\training\learning_rate_scheduler_callback.h">
      <Filter>Header Files</Filter>
    </ClInclude>
    <ClInclude Include="include\training\training_session.h">
      <Filter>Header Files</Filter>
    </ClInclude>
    <ClInclude Include="include\training\generation_callback.h">
      <Filter>Header Files</Filter>
    </ClInclude>
    <ClInclude Include="include\tests\shakedown_test.h">
      <Filter>Header Files</Filter>
    </ClInclude>
    <ClInclude Include="include\tests\best_model_generation_tests.h">
      <Filter>Source Files</Filter>
    </ClInclude>
    <ClInclude Include="include\training\training_profiler.h">
      <Filter>Header Files</Filter>
    </ClInclude>
    <ClInclude Include="include\tests\profile_testing.h">
      <Filter>Header Files</Filter>
    </ClInclude>
  </ItemGroup>
  <ItemGroup>
    <ClCompile Include="src\core\random.cpp">
      <Filter>Source Files</Filter>
    </ClCompile>
    <ClCompile Include="src\core\tensor.cpp">
      <Filter>Source Files</Filter>
    </ClCompile>
    <ClCompile Include="src\data\dataset.cpp">
      <Filter>Source Files</Filter>
    </ClCompile>
    <ClCompile Include="src\data\tokenizer.cpp">
      <Filter>Source Files</Filter>
    </ClCompile>
    <ClCompile Include="src\layers\attention.cpp">
      <Filter>Source Files</Filter>
    </ClCompile>
    <ClCompile Include="src\layers\embedding.cpp">
      <Filter>Source Files</Filter>
    </ClCompile>
    <ClCompile Include="src\layers\ffn.cpp">
      <Filter>Source Files</Filter>
    </ClCompile>
    <ClCompile Include="src\layers\layer_norm.cpp">
      <Filter>Source Files</Filter>
    </ClCompile>
    <ClCompile Include="src\layers\linear.cpp">
      <Filter>Source Files</Filter>
    </ClCompile>
    <ClCompile Include="src\layers\transformer_block.cpp">
      <Filter>Source Files</Filter>
    </ClCompile>
    <ClCompile Include="src\model\transformer.cpp">
      <Filter>Source Files</Filter>
    </ClCompile>
    <ClCompile Include="src\core\math_utils.cpp">
      <Filter>Source Files</Filter>
    </ClCompile>
    <ClCompile Include="src\core\layer_utils.cpp">
      <Filter>Source Files</Filter>
    </ClCompile>
    <ClCompile Include="src\training\checkpoint.cpp">
      <Filter>Source Files</Filter>
    </ClCompile>
    <ClCompile Include="src\core\cuda_utils.cpp">
      <Filter>Source Files</Filter>
    </ClCompile>
    <ClCompile Include="src\tests\smoke_test.cpp">
      <Filter>Source Files</Filter>
    </ClCompile>
    <ClCompile Include="src\training\best_checkpoint_callback.cpp">
      <Filter>Source Files</Filter>
    </ClCompile>
    <ClCompile Include="src\training\early_stopping_callback.cpp">
      <Filter>Source Files</Filter>
    </ClCompile>
    <ClCompile Include="src\training\learning_rate_scheduler_callback.cpp">
      <Filter>Source Files</Filter>
    </ClCompile>
    <ClCompile Include="src\training\training_session.cpp">
      <Filter>Source Files</Filter>
    </ClCompile>
    <ClCompile Include="src\training\generation_callback.cpp">
      <Filter>Source Files</Filter>
    </ClCompile>
    <ClCompile Include="src\tests\shakedown_test.cpp">
      <Filter>Source Files</Filter>
    </ClCompile>
    <ClCompile Include="src\training\trainer.cpp" />
    <ClCompile Include="src\training\adam_optimizer.cpp" />
    <ClCompile Include="src\training\sgd_optimizer.cpp" />
    <ClCompile Include="src\training\cross_entropy_loss.cpp" />
    <ClCompile Include="src\training\checkpoint_callback.cpp">
      <Filter>Header Files</Filter>
    </ClCompile>
    <ClCompile Include="src\tests\run_best_model_generation_tests.cpp">
      <Filter>Source Files</Filter>
    </ClCompile>
    <ClCompile Include="src\training\training_profiler.cpp">
      <Filter>Source Files</Filter>
    </ClCompile>
    <ClCompile Include="src\tests\profile_testing.cpp">
      <Filter>Source Files</Filter>
    </ClCompile>
    <ClCompile Include="src\tests\test_main.cpp">
      <Filter>Source Files</Filter>
    </ClCompile>
    <ClCompile Include="python\bindings.cpp">
      <Filter>Source Files</Filter>
    </ClCompile>
  </ItemGroup>
  <ItemGroup>
    <CudaCompile Include="src\kernels\tensor_ops_kernels.cu">
      <Filter>Source Files</Filter>
    </CudaCompile>
    <CudaCompile Include="src\kernels\optimizer_kernels.cu" />
    <CudaCompile Include="src\kernels\loss_kernels.cu" />
    <CudaCompile Include="src\kernels\linear_kernels.cu" />
    <CudaCompile Include="src\kernels\activation_kernels.cu" />
    <CudaCompile Include="src\kernels\embeding_kernels.cu" />
    <CudaCompile Include="src\kernels\layer_norm_kernels.cu" />
    <CudaCompile Include="src\kernels\attention_kernels.cu" />
  </ItemGroup>
</Project>